// !$*UTF8*$!
{
	archiveVersion = 1;
	classes = {
	};
	objectVersion = 46;
	objects = {

/* Begin PBXBuildFile section */
		BD0812681CB17CF700EC912D /* ChallengeCreation.storyboard in Resources */ = {isa = PBXBuildFile; fileRef = BD0812671CB17CF700EC912D /* ChallengeCreation.storyboard */; };
		BD08126A1CB17EBD00EC912D /* ChallengeCreationViewController.swift in Sources */ = {isa = PBXBuildFile; fileRef = BD0812691CB17EBD00EC912D /* ChallengeCreationViewController.swift */; };
		BD21A4701CA8D43700A6226B /* ColorExtension.swift in Sources */ = {isa = PBXBuildFile; fileRef = BD21A46F1CA8D43700A6226B /* ColorExtension.swift */; };
		BD5B9A571CBD7E2B00D76CC2 /* GifFetcher.swift in Sources */ = {isa = PBXBuildFile; fileRef = BD5B9A561CBD7E2B00D76CC2 /* GifFetcher.swift */; };
		BD68D4C31C88B73300F88429 /* ApiClient.swift in Sources */ = {isa = PBXBuildFile; fileRef = BD68D4C21C88B73300F88429 /* ApiClient.swift */; };
		BD6E4E851CA8A9CF00EBBDDC /* ChallengeDetailViewController.swift in Sources */ = {isa = PBXBuildFile; fileRef = BD6E4E841CA8A9CF00EBBDDC /* ChallengeDetailViewController.swift */; };
		BD6E4E881CA8C0F900EBBDDC /* AttemptTableViewCell.swift in Sources */ = {isa = PBXBuildFile; fileRef = BD6E4E861CA8C0F900EBBDDC /* AttemptTableViewCell.swift */; };
		BD6E4E891CA8C0F900EBBDDC /* AttemptTableViewCell.xib in Resources */ = {isa = PBXBuildFile; fileRef = BD6E4E871CA8C0F900EBBDDC /* AttemptTableViewCell.xib */; };
		BD962E351C891D8000345774 /* Attempt.swift in Sources */ = {isa = PBXBuildFile; fileRef = BD962E341C891D8000345774 /* Attempt.swift */; };
		BD962E371C894C2500345774 /* Filter.storyboard in Resources */ = {isa = PBXBuildFile; fileRef = BD962E361C894C2500345774 /* Filter.storyboard */; };
		BD962E391C894DD100345774 /* FilterViewController.swift in Sources */ = {isa = PBXBuildFile; fileRef = BD962E381C894DD100345774 /* FilterViewController.swift */; };
		BD96C9761CBAD7D800F6E94F /* NSDateExtension.swift in Sources */ = {isa = PBXBuildFile; fileRef = BD96C9751CBAD7D800F6E94F /* NSDateExtension.swift */; };
		BDA57E671CB33F1B00E89162 /* NotificationsViewController.swift in Sources */ = {isa = PBXBuildFile; fileRef = BDA57E661CB33F1B00E89162 /* NotificationsViewController.swift */; };
		BDA57E691CB3492400E89162 /* FeedTableView.swift in Sources */ = {isa = PBXBuildFile; fileRef = BDA57E681CB3492400E89162 /* FeedTableView.swift */; };
		BDA57E6F1CB41A8800E89162 /* ProfileViewController.swift in Sources */ = {isa = PBXBuildFile; fileRef = BDA57E6E1CB41A8800E89162 /* ProfileViewController.swift */; };
		BDA57E711CB41B8200E89162 /* Notifications.storyboard in Resources */ = {isa = PBXBuildFile; fileRef = BDA57E701CB41B8200E89162 /* Notifications.storyboard */; };
		BDA8D3B61CC014E9005935CD /* User.swift in Sources */ = {isa = PBXBuildFile; fileRef = BDA8D3B51CC014E9005935CD /* User.swift */; };
		BDA8D3BA1CC7C759005935CD /* NotificationCell.swift in Sources */ = {isa = PBXBuildFile; fileRef = BDA8D3B91CC7C759005935CD /* NotificationCell.swift */; };
		BDA8D3BC1CC7C7DA005935CD /* Notification.swift in Sources */ = {isa = PBXBuildFile; fileRef = BDA8D3BB1CC7C7DA005935CD /* Notification.swift */; };
		BDA8D3BE1CC81B09005935CD /* StringExtension.swift in Sources */ = {isa = PBXBuildFile; fileRef = BDA8D3BD1CC81B09005935CD /* StringExtension.swift */; };
		BDB6ABF61C7F503E00C0B6C9 /* ChallengesViewController.swift in Sources */ = {isa = PBXBuildFile; fileRef = BDB6ABF51C7F503E00C0B6C9 /* ChallengesViewController.swift */; };
		BDB6ABF91C7F532300C0B6C9 /* FeedTableViewCell.swift in Sources */ = {isa = PBXBuildFile; fileRef = BDB6ABF71C7F532300C0B6C9 /* FeedTableViewCell.swift */; };
		BDB6ABFA1C7F532300C0B6C9 /* FeedTableViewCell.xib in Resources */ = {isa = PBXBuildFile; fileRef = BDB6ABF81C7F532300C0B6C9 /* FeedTableViewCell.xib */; };
		BDD6C11D1C88BEE3004B2512 /* Challenge.swift in Sources */ = {isa = PBXBuildFile; fileRef = BDD6C11C1C88BEE3004B2512 /* Challenge.swift */; };
		F0254E6A1C88F5F800AB3F5C /* Challenge.storyboard in Resources */ = {isa = PBXBuildFile; fileRef = F0254E691C88F5F800AB3F5C /* Challenge.storyboard */; };
		F03A2A5C1C892EF400267302 /* MapViewController.swift in Sources */ = {isa = PBXBuildFile; fileRef = F03A2A5B1C892EF400267302 /* MapViewController.swift */; };
		F03A2A5E1C89367A00267302 /* ChallengePin.swift in Sources */ = {isa = PBXBuildFile; fileRef = F03A2A5D1C89367A00267302 /* ChallengePin.swift */; };
		F03A2A601C893C6800267302 /* VCMapView.swift in Sources */ = {isa = PBXBuildFile; fileRef = F03A2A5F1C893C6800267302 /* VCMapView.swift */; };
		F055136F1C892355006E7B65 /* Map.storyboard in Resources */ = {isa = PBXBuildFile; fileRef = F055136E1C892355006E7B65 /* Map.storyboard */; };
		F0580D321C88DF6800259247 /* Home.storyboard in Resources */ = {isa = PBXBuildFile; fileRef = F0580D311C88DF6800259247 /* Home.storyboard */; };
		F0580D341C88E3EB00259247 /* Settings.storyboard in Resources */ = {isa = PBXBuildFile; fileRef = F0580D331C88E3EB00259247 /* Settings.storyboard */; };
		F0580D361C88EC8600259247 /* Profile.storyboard in Resources */ = {isa = PBXBuildFile; fileRef = F0580D351C88EC8600259247 /* Profile.storyboard */; };
		F074C4921CBADFF5008D33C3 /* RegisterViewController.swift in Sources */ = {isa = PBXBuildFile; fileRef = F074C4911CBADFF5008D33C3 /* RegisterViewController.swift */; };
		F08214BA1CB476A70016D55F /* FBSDKCoreKit.framework in Frameworks */ = {isa = PBXBuildFile; fileRef = F08214B91CB476A70016D55F /* FBSDKCoreKit.framework */; };
		F08214BC1CB4797A0016D55F /* FBSDKLoginKit.framework in Frameworks */ = {isa = PBXBuildFile; fileRef = F08214BB1CB4797A0016D55F /* FBSDKLoginKit.framework */; };
		F0B4188C1CBCE634007B6693 /* OneUpTabBarController.swift in Sources */ = {isa = PBXBuildFile; fileRef = F0B4188B1CBCE634007B6693 /* OneUpTabBarController.swift */; };
		F0BC99731C73A998008BFB71 /* AppDelegate.swift in Sources */ = {isa = PBXBuildFile; fileRef = F0BC99721C73A998008BFB71 /* AppDelegate.swift */; };
		F0BC99751C73A998008BFB71 /* MainViewController.swift in Sources */ = {isa = PBXBuildFile; fileRef = F0BC99741C73A998008BFB71 /* MainViewController.swift */; };
		F0BC99781C73A998008BFB71 /* Main.storyboard in Resources */ = {isa = PBXBuildFile; fileRef = F0BC99761C73A998008BFB71 /* Main.storyboard */; };
		F0BC997B1C73A998008BFB71 /* OneUp_iOS.xcdatamodeld in Sources */ = {isa = PBXBuildFile; fileRef = F0BC99791C73A998008BFB71 /* OneUp_iOS.xcdatamodeld */; };
		F0BC997D1C73A998008BFB71 /* Assets.xcassets in Resources */ = {isa = PBXBuildFile; fileRef = F0BC997C1C73A998008BFB71 /* Assets.xcassets */; };
		F0BC99801C73A998008BFB71 /* LaunchScreen.storyboard in Resources */ = {isa = PBXBuildFile; fileRef = F0BC997E1C73A998008BFB71 /* LaunchScreen.storyboard */; };
		F0BC998B1C73A998008BFB71 /* OneUp_iOSTests.swift in Sources */ = {isa = PBXBuildFile; fileRef = F0BC998A1C73A998008BFB71 /* OneUp_iOSTests.swift */; };
		F0BC99961C73A998008BFB71 /* OneUp_iOSUITests.swift in Sources */ = {isa = PBXBuildFile; fileRef = F0BC99951C73A998008BFB71 /* OneUp_iOSUITests.swift */; };
		F0EB973B1CB435DD001C5B73 /* AttemptCreation.storyboard in Resources */ = {isa = PBXBuildFile; fileRef = F0EB973A1CB435DD001C5B73 /* AttemptCreation.storyboard */; };
		F0EB973D1CB4370A001C5B73 /* AttemptCreationViewController.swift in Sources */ = {isa = PBXBuildFile; fileRef = F0EB973C1CB4370A001C5B73 /* AttemptCreationViewController.swift */; };
		FD2BEAB8C73DE7BC602013C9 /* Pods_OneUp_iOS.framework in Frameworks */ = {isa = PBXBuildFile; fileRef = C2168DF0A1C413EAD7E8D89B /* Pods_OneUp_iOS.framework */; };
/* End PBXBuildFile section */

/* Begin PBXContainerItemProxy section */
		F0BC99871C73A998008BFB71 /* PBXContainerItemProxy */ = {
			isa = PBXContainerItemProxy;
			containerPortal = F0BC99671C73A998008BFB71 /* Project object */;
			proxyType = 1;
			remoteGlobalIDString = F0BC996E1C73A998008BFB71;
			remoteInfo = "OneUp-iOS";
		};
		F0BC99921C73A998008BFB71 /* PBXContainerItemProxy */ = {
			isa = PBXContainerItemProxy;
			containerPortal = F0BC99671C73A998008BFB71 /* Project object */;
			proxyType = 1;
			remoteGlobalIDString = F0BC996E1C73A998008BFB71;
			remoteInfo = "OneUp-iOS";
		};
/* End PBXContainerItemProxy section */

/* Begin PBXFileReference section */
		644D6176E7B0CD8BAF296C09 /* Pods-OneUp-iOS.debug.xcconfig */ = {isa = PBXFileReference; includeInIndex = 1; lastKnownFileType = text.xcconfig; name = "Pods-OneUp-iOS.debug.xcconfig"; path = "Pods/Target Support Files/Pods-OneUp-iOS/Pods-OneUp-iOS.debug.xcconfig"; sourceTree = "<group>"; };
		717B517CB521745830D0E19A /* Pods-OneUp-iOS.release.xcconfig */ = {isa = PBXFileReference; includeInIndex = 1; lastKnownFileType = text.xcconfig; name = "Pods-OneUp-iOS.release.xcconfig"; path = "Pods/Target Support Files/Pods-OneUp-iOS/Pods-OneUp-iOS.release.xcconfig"; sourceTree = "<group>"; };
		BD0812671CB17CF700EC912D /* ChallengeCreation.storyboard */ = {isa = PBXFileReference; fileEncoding = 4; lastKnownFileType = file.storyboard; path = ChallengeCreation.storyboard; sourceTree = "<group>"; };
		BD0812691CB17EBD00EC912D /* ChallengeCreationViewController.swift */ = {isa = PBXFileReference; fileEncoding = 4; lastKnownFileType = sourcecode.swift; path = ChallengeCreationViewController.swift; sourceTree = "<group>"; };
		BD21A46F1CA8D43700A6226B /* ColorExtension.swift */ = {isa = PBXFileReference; fileEncoding = 4; lastKnownFileType = sourcecode.swift; path = ColorExtension.swift; sourceTree = "<group>"; };
		BD5B9A561CBD7E2B00D76CC2 /* GifFetcher.swift */ = {isa = PBXFileReference; fileEncoding = 4; lastKnownFileType = sourcecode.swift; path = GifFetcher.swift; sourceTree = "<group>"; };
		BD68D4C21C88B73300F88429 /* ApiClient.swift */ = {isa = PBXFileReference; fileEncoding = 4; lastKnownFileType = sourcecode.swift; path = ApiClient.swift; sourceTree = "<group>"; };
		BD6E4E841CA8A9CF00EBBDDC /* ChallengeDetailViewController.swift */ = {isa = PBXFileReference; fileEncoding = 4; lastKnownFileType = sourcecode.swift; path = ChallengeDetailViewController.swift; sourceTree = "<group>"; };
		BD6E4E861CA8C0F900EBBDDC /* AttemptTableViewCell.swift */ = {isa = PBXFileReference; fileEncoding = 4; lastKnownFileType = sourcecode.swift; path = AttemptTableViewCell.swift; sourceTree = "<group>"; };
		BD6E4E871CA8C0F900EBBDDC /* AttemptTableViewCell.xib */ = {isa = PBXFileReference; fileEncoding = 4; lastKnownFileType = file.xib; path = AttemptTableViewCell.xib; sourceTree = "<group>"; };
		BD962E341C891D8000345774 /* Attempt.swift */ = {isa = PBXFileReference; fileEncoding = 4; lastKnownFileType = sourcecode.swift; path = Attempt.swift; sourceTree = "<group>"; };
		BD962E361C894C2500345774 /* Filter.storyboard */ = {isa = PBXFileReference; fileEncoding = 4; lastKnownFileType = file.storyboard; path = Filter.storyboard; sourceTree = "<group>"; };
		BD962E381C894DD100345774 /* FilterViewController.swift */ = {isa = PBXFileReference; fileEncoding = 4; lastKnownFileType = sourcecode.swift; path = FilterViewController.swift; sourceTree = "<group>"; };
		BD96C9751CBAD7D800F6E94F /* NSDateExtension.swift */ = {isa = PBXFileReference; fileEncoding = 4; lastKnownFileType = sourcecode.swift; path = NSDateExtension.swift; sourceTree = "<group>"; };
		BDA57E661CB33F1B00E89162 /* NotificationsViewController.swift */ = {isa = PBXFileReference; fileEncoding = 4; lastKnownFileType = sourcecode.swift; path = NotificationsViewController.swift; sourceTree = "<group>"; };
		BDA57E681CB3492400E89162 /* FeedTableView.swift */ = {isa = PBXFileReference; fileEncoding = 4; lastKnownFileType = sourcecode.swift; path = FeedTableView.swift; sourceTree = "<group>"; };
		BDA57E6E1CB41A8800E89162 /* ProfileViewController.swift */ = {isa = PBXFileReference; fileEncoding = 4; lastKnownFileType = sourcecode.swift; path = ProfileViewController.swift; sourceTree = "<group>"; };
		BDA57E701CB41B8200E89162 /* Notifications.storyboard */ = {isa = PBXFileReference; fileEncoding = 4; lastKnownFileType = file.storyboard; path = Notifications.storyboard; sourceTree = "<group>"; };
		BDA8D3B51CC014E9005935CD /* User.swift */ = {isa = PBXFileReference; fileEncoding = 4; lastKnownFileType = sourcecode.swift; path = User.swift; sourceTree = "<group>"; };
		BDA8D3B91CC7C759005935CD /* NotificationCell.swift */ = {isa = PBXFileReference; fileEncoding = 4; lastKnownFileType = sourcecode.swift; path = NotificationCell.swift; sourceTree = "<group>"; };
		BDA8D3BB1CC7C7DA005935CD /* Notification.swift */ = {isa = PBXFileReference; fileEncoding = 4; lastKnownFileType = sourcecode.swift; path = Notification.swift; sourceTree = "<group>"; };
		BDA8D3BD1CC81B09005935CD /* StringExtension.swift */ = {isa = PBXFileReference; fileEncoding = 4; lastKnownFileType = sourcecode.swift; path = StringExtension.swift; sourceTree = "<group>"; };
		BDB6ABF51C7F503E00C0B6C9 /* ChallengesViewController.swift */ = {isa = PBXFileReference; fileEncoding = 4; lastKnownFileType = sourcecode.swift; path = ChallengesViewController.swift; sourceTree = "<group>"; };
		BDB6ABF71C7F532300C0B6C9 /* FeedTableViewCell.swift */ = {isa = PBXFileReference; fileEncoding = 4; lastKnownFileType = sourcecode.swift; path = FeedTableViewCell.swift; sourceTree = "<group>"; };
		BDB6ABF81C7F532300C0B6C9 /* FeedTableViewCell.xib */ = {isa = PBXFileReference; fileEncoding = 4; lastKnownFileType = file.xib; path = FeedTableViewCell.xib; sourceTree = "<group>"; };
		BDD6C11C1C88BEE3004B2512 /* Challenge.swift */ = {isa = PBXFileReference; fileEncoding = 4; lastKnownFileType = sourcecode.swift; path = Challenge.swift; sourceTree = "<group>"; };
		C2168DF0A1C413EAD7E8D89B /* Pods_OneUp_iOS.framework */ = {isa = PBXFileReference; explicitFileType = wrapper.framework; includeInIndex = 0; path = Pods_OneUp_iOS.framework; sourceTree = BUILT_PRODUCTS_DIR; };
		F0254E691C88F5F800AB3F5C /* Challenge.storyboard */ = {isa = PBXFileReference; fileEncoding = 4; lastKnownFileType = file.storyboard; path = Challenge.storyboard; sourceTree = "<group>"; };
		F03A2A5B1C892EF400267302 /* MapViewController.swift */ = {isa = PBXFileReference; fileEncoding = 4; lastKnownFileType = sourcecode.swift; path = MapViewController.swift; sourceTree = "<group>"; };
		F03A2A5D1C89367A00267302 /* ChallengePin.swift */ = {isa = PBXFileReference; fileEncoding = 4; lastKnownFileType = sourcecode.swift; path = ChallengePin.swift; sourceTree = "<group>"; };
		F03A2A5F1C893C6800267302 /* VCMapView.swift */ = {isa = PBXFileReference; fileEncoding = 4; lastKnownFileType = sourcecode.swift; path = VCMapView.swift; sourceTree = "<group>"; };
		F055136E1C892355006E7B65 /* Map.storyboard */ = {isa = PBXFileReference; fileEncoding = 4; lastKnownFileType = file.storyboard; path = Map.storyboard; sourceTree = "<group>"; };
		F0580D311C88DF6800259247 /* Home.storyboard */ = {isa = PBXFileReference; fileEncoding = 4; lastKnownFileType = file.storyboard; path = Home.storyboard; sourceTree = "<group>"; };
		F0580D331C88E3EB00259247 /* Settings.storyboard */ = {isa = PBXFileReference; fileEncoding = 4; lastKnownFileType = file.storyboard; path = Settings.storyboard; sourceTree = "<group>"; };
		F0580D351C88EC8600259247 /* Profile.storyboard */ = {isa = PBXFileReference; fileEncoding = 4; lastKnownFileType = file.storyboard; path = Profile.storyboard; sourceTree = "<group>"; };
		F074C4911CBADFF5008D33C3 /* RegisterViewController.swift */ = {isa = PBXFileReference; fileEncoding = 4; lastKnownFileType = sourcecode.swift; path = RegisterViewController.swift; sourceTree = "<group>"; };
		F08214B91CB476A70016D55F /* FBSDKCoreKit.framework */ = {isa = PBXFileReference; lastKnownFileType = wrapper.framework; path = FBSDKCoreKit.framework; sourceTree = "<group>"; };
		F08214BB1CB4797A0016D55F /* FBSDKLoginKit.framework */ = {isa = PBXFileReference; lastKnownFileType = wrapper.framework; path = FBSDKLoginKit.framework; sourceTree = "<group>"; };
		F0B4188B1CBCE634007B6693 /* OneUpTabBarController.swift */ = {isa = PBXFileReference; fileEncoding = 4; lastKnownFileType = sourcecode.swift; path = OneUpTabBarController.swift; sourceTree = "<group>"; };
		F0BC996F1C73A998008BFB71 /* OneUp-iOS.app */ = {isa = PBXFileReference; explicitFileType = wrapper.application; includeInIndex = 0; path = "OneUp-iOS.app"; sourceTree = BUILT_PRODUCTS_DIR; };
		F0BC99721C73A998008BFB71 /* AppDelegate.swift */ = {isa = PBXFileReference; lastKnownFileType = sourcecode.swift; path = AppDelegate.swift; sourceTree = "<group>"; };
		F0BC99741C73A998008BFB71 /* MainViewController.swift */ = {isa = PBXFileReference; lastKnownFileType = sourcecode.swift; path = MainViewController.swift; sourceTree = "<group>"; };
		F0BC99771C73A998008BFB71 /* Base */ = {isa = PBXFileReference; lastKnownFileType = file.storyboard; name = Base; path = Base.lproj/Main.storyboard; sourceTree = "<group>"; };
		F0BC997A1C73A998008BFB71 /* OneUp_iOS.xcdatamodel */ = {isa = PBXFileReference; lastKnownFileType = wrapper.xcdatamodel; path = OneUp_iOS.xcdatamodel; sourceTree = "<group>"; };
		F0BC997C1C73A998008BFB71 /* Assets.xcassets */ = {isa = PBXFileReference; lastKnownFileType = folder.assetcatalog; path = Assets.xcassets; sourceTree = "<group>"; };
		F0BC997F1C73A998008BFB71 /* Base */ = {isa = PBXFileReference; lastKnownFileType = file.storyboard; name = Base; path = Base.lproj/LaunchScreen.storyboard; sourceTree = "<group>"; };
		F0BC99811C73A998008BFB71 /* Info.plist */ = {isa = PBXFileReference; lastKnownFileType = text.plist.xml; path = Info.plist; sourceTree = "<group>"; };
		F0BC99861C73A998008BFB71 /* OneUp-iOSTests.xctest */ = {isa = PBXFileReference; explicitFileType = wrapper.cfbundle; includeInIndex = 0; path = "OneUp-iOSTests.xctest"; sourceTree = BUILT_PRODUCTS_DIR; };
		F0BC998A1C73A998008BFB71 /* OneUp_iOSTests.swift */ = {isa = PBXFileReference; lastKnownFileType = sourcecode.swift; path = OneUp_iOSTests.swift; sourceTree = "<group>"; };
		F0BC998C1C73A998008BFB71 /* Info.plist */ = {isa = PBXFileReference; lastKnownFileType = text.plist.xml; path = Info.plist; sourceTree = "<group>"; };
		F0BC99911C73A998008BFB71 /* OneUp-iOSUITests.xctest */ = {isa = PBXFileReference; explicitFileType = wrapper.cfbundle; includeInIndex = 0; path = "OneUp-iOSUITests.xctest"; sourceTree = BUILT_PRODUCTS_DIR; };
		F0BC99951C73A998008BFB71 /* OneUp_iOSUITests.swift */ = {isa = PBXFileReference; lastKnownFileType = sourcecode.swift; path = OneUp_iOSUITests.swift; sourceTree = "<group>"; };
		F0BC99971C73A998008BFB71 /* Info.plist */ = {isa = PBXFileReference; lastKnownFileType = text.plist.xml; path = Info.plist; sourceTree = "<group>"; };
		F0EB973A1CB435DD001C5B73 /* AttemptCreation.storyboard */ = {isa = PBXFileReference; fileEncoding = 4; lastKnownFileType = file.storyboard; path = AttemptCreation.storyboard; sourceTree = "<group>"; };
		F0EB973C1CB4370A001C5B73 /* AttemptCreationViewController.swift */ = {isa = PBXFileReference; fileEncoding = 4; lastKnownFileType = sourcecode.swift; path = AttemptCreationViewController.swift; sourceTree = "<group>"; };
/* End PBXFileReference section */

/* Begin PBXFrameworksBuildPhase section */
		F0BC996C1C73A998008BFB71 /* Frameworks */ = {
			isa = PBXFrameworksBuildPhase;
			buildActionMask = 2147483647;
			files = (
				FD2BEAB8C73DE7BC602013C9 /* Pods_OneUp_iOS.framework in Frameworks */,
				F08214BA1CB476A70016D55F /* FBSDKCoreKit.framework in Frameworks */,
				F08214BC1CB4797A0016D55F /* FBSDKLoginKit.framework in Frameworks */,
			);
			runOnlyForDeploymentPostprocessing = 0;
		};
		F0BC99831C73A998008BFB71 /* Frameworks */ = {
			isa = PBXFrameworksBuildPhase;
			buildActionMask = 2147483647;
			files = (
			);
			runOnlyForDeploymentPostprocessing = 0;
		};
		F0BC998E1C73A998008BFB71 /* Frameworks */ = {
			isa = PBXFrameworksBuildPhase;
			buildActionMask = 2147483647;
			files = (
			);
			runOnlyForDeploymentPostprocessing = 0;
		};
/* End PBXFrameworksBuildPhase section */

/* Begin PBXGroup section */
		2BCC8166D8A5137748BF4B0E /* Frameworks */ = {
			isa = PBXGroup;
			children = (
				F08214BB1CB4797A0016D55F /* FBSDKLoginKit.framework */,
				F08214B91CB476A70016D55F /* FBSDKCoreKit.framework */,
				C2168DF0A1C413EAD7E8D89B /* Pods_OneUp_iOS.framework */,
			);
			name = Frameworks;
			sourceTree = "<group>";
		};
		BD5B9A551CBD7E1400D76CC2 /* Networking */ = {
			isa = PBXGroup;
			children = (
				BD68D4C21C88B73300F88429 /* ApiClient.swift */,
				BD5B9A561CBD7E2B00D76CC2 /* GifFetcher.swift */,
			);
			name = Networking;
			sourceTree = "<group>";
		};
		BDB6ABF21C7F501600C0B6C9 /* Controllers */ = {
			isa = PBXGroup;
			children = (
				BD962E381C894DD100345774 /* FilterViewController.swift */,
				F0BC99741C73A998008BFB71 /* MainViewController.swift */,
				BDB6ABF51C7F503E00C0B6C9 /* ChallengesViewController.swift */,
				F03A2A5B1C892EF400267302 /* MapViewController.swift */,
				BD6E4E841CA8A9CF00EBBDDC /* ChallengeDetailViewController.swift */,
				BD0812691CB17EBD00EC912D /* ChallengeCreationViewController.swift */,
				F0EB973C1CB4370A001C5B73 /* AttemptCreationViewController.swift */,
				BDA57E661CB33F1B00E89162 /* NotificationsViewController.swift */,
				BDA57E6E1CB41A8800E89162 /* ProfileViewController.swift */,
				F074C4911CBADFF5008D33C3 /* RegisterViewController.swift */,
				F0B4188B1CBCE634007B6693 /* OneUpTabBarController.swift */,
			);
			name = Controllers;
			sourceTree = "<group>";
		};
		BDB6ABF31C7F502500C0B6C9 /* Views */ = {
			isa = PBXGroup;
			children = (
				F0580D301C88DEB700259247 /* Storyboards */,
				BDB6ABF71C7F532300C0B6C9 /* FeedTableViewCell.swift */,
				BDB6ABF81C7F532300C0B6C9 /* FeedTableViewCell.xib */,
				F03A2A5F1C893C6800267302 /* VCMapView.swift */,
				BD6E4E861CA8C0F900EBBDDC /* AttemptTableViewCell.swift */,
				BD6E4E871CA8C0F900EBBDDC /* AttemptTableViewCell.xib */,
				BDA57E681CB3492400E89162 /* FeedTableView.swift */,
				BDA8D3B91CC7C759005935CD /* NotificationCell.swift */,
			);
			name = Views;
			sourceTree = "<group>";
		};
		BDB6ABF41C7F502B00C0B6C9 /* Models */ = {
			isa = PBXGroup;
			children = (
				BDD6C11C1C88BEE3004B2512 /* Challenge.swift */,
				BD962E341C891D8000345774 /* Attempt.swift */,
				F03A2A5D1C89367A00267302 /* ChallengePin.swift */,
				BDA8D3B51CC014E9005935CD /* User.swift */,
				BDA8D3BB1CC7C7DA005935CD /* Notification.swift */,
			);
			name = Models;
			sourceTree = "<group>";
		};
		F0580D301C88DEB700259247 /* Storyboards */ = {
			isa = PBXGroup;
			children = (
				F0580D311C88DF6800259247 /* Home.storyboard */,
				F0580D331C88E3EB00259247 /* Settings.storyboard */,
				F0580D351C88EC8600259247 /* Profile.storyboard */,
				BDA57E701CB41B8200E89162 /* Notifications.storyboard */,
				F0254E691C88F5F800AB3F5C /* Challenge.storyboard */,
				F055136E1C892355006E7B65 /* Map.storyboard */,
				BD962E361C894C2500345774 /* Filter.storyboard */,
				BD0812671CB17CF700EC912D /* ChallengeCreation.storyboard */,
				F0EB973A1CB435DD001C5B73 /* AttemptCreation.storyboard */,
			);
			name = Storyboards;
			sourceTree = "<group>";
		};
		F0BC99661C73A998008BFB71 = {
			isa = PBXGroup;
			children = (
				F0BC99711C73A998008BFB71 /* OneUp-iOS */,
				F0BC99891C73A998008BFB71 /* OneUp-iOSTests */,
				F0BC99941C73A998008BFB71 /* OneUp-iOSUITests */,
				F0BC99701C73A998008BFB71 /* Products */,
				F77B7B6DEB87DF91BDED32FA /* Pods */,
				2BCC8166D8A5137748BF4B0E /* Frameworks */,
			);
			sourceTree = "<group>";
		};
		F0BC99701C73A998008BFB71 /* Products */ = {
			isa = PBXGroup;
			children = (
				F0BC996F1C73A998008BFB71 /* OneUp-iOS.app */,
				F0BC99861C73A998008BFB71 /* OneUp-iOSTests.xctest */,
				F0BC99911C73A998008BFB71 /* OneUp-iOSUITests.xctest */,
			);
			name = Products;
			sourceTree = "<group>";
		};
		F0BC99711C73A998008BFB71 /* OneUp-iOS */ = {
			isa = PBXGroup;
			children = (
				BD5B9A551CBD7E1400D76CC2 /* Networking */,
				BDB6ABF41C7F502B00C0B6C9 /* Models */,
				BDB6ABF31C7F502500C0B6C9 /* Views */,
				BDB6ABF21C7F501600C0B6C9 /* Controllers */,
				F0BC99721C73A998008BFB71 /* AppDelegate.swift */,
				F0BC997C1C73A998008BFB71 /* Assets.xcassets */,
				F0BC99761C73A998008BFB71 /* Main.storyboard */,
				F0BC997E1C73A998008BFB71 /* LaunchScreen.storyboard */,
				F0BC99811C73A998008BFB71 /* Info.plist */,
				F0BC99791C73A998008BFB71 /* OneUp_iOS.xcdatamodeld */,
				BD21A46F1CA8D43700A6226B /* ColorExtension.swift */,
				BD96C9751CBAD7D800F6E94F /* NSDateExtension.swift */,
				BDA8D3BD1CC81B09005935CD /* StringExtension.swift */,
			);
			path = "OneUp-iOS";
			sourceTree = "<group>";
		};
		F0BC99891C73A998008BFB71 /* OneUp-iOSTests */ = {
			isa = PBXGroup;
			children = (
				F0BC998A1C73A998008BFB71 /* OneUp_iOSTests.swift */,
				F0BC998C1C73A998008BFB71 /* Info.plist */,
			);
			path = "OneUp-iOSTests";
			sourceTree = "<group>";
		};
		F0BC99941C73A998008BFB71 /* OneUp-iOSUITests */ = {
			isa = PBXGroup;
			children = (
				F0BC99951C73A998008BFB71 /* OneUp_iOSUITests.swift */,
				F0BC99971C73A998008BFB71 /* Info.plist */,
			);
			path = "OneUp-iOSUITests";
			sourceTree = "<group>";
		};
		F77B7B6DEB87DF91BDED32FA /* Pods */ = {
			isa = PBXGroup;
			children = (
				644D6176E7B0CD8BAF296C09 /* Pods-OneUp-iOS.debug.xcconfig */,
				717B517CB521745830D0E19A /* Pods-OneUp-iOS.release.xcconfig */,
			);
			name = Pods;
			sourceTree = "<group>";
		};
/* End PBXGroup section */

/* Begin PBXNativeTarget section */
		F0BC996E1C73A998008BFB71 /* OneUp-iOS */ = {
			isa = PBXNativeTarget;
			buildConfigurationList = F0BC999A1C73A998008BFB71 /* Build configuration list for PBXNativeTarget "OneUp-iOS" */;
			buildPhases = (
				1DC1FC5E350C16496E456F52 /* Check Pods Manifest.lock */,
				F0BC996B1C73A998008BFB71 /* Sources */,
				F0BC996C1C73A998008BFB71 /* Frameworks */,
				F0BC996D1C73A998008BFB71 /* Resources */,
				F593DC5506D6170E84870A92 /* Embed Pods Frameworks */,
				ABBE2CD3D2122E79B610AF21 /* Copy Pods Resources */,
			);
			buildRules = (
			);
			dependencies = (
			);
			name = "OneUp-iOS";
			productName = "OneUp-iOS";
			productReference = F0BC996F1C73A998008BFB71 /* OneUp-iOS.app */;
			productType = "com.apple.product-type.application";
		};
		F0BC99851C73A998008BFB71 /* OneUp-iOSTests */ = {
			isa = PBXNativeTarget;
			buildConfigurationList = F0BC999D1C73A998008BFB71 /* Build configuration list for PBXNativeTarget "OneUp-iOSTests" */;
			buildPhases = (
				F0BC99821C73A998008BFB71 /* Sources */,
				F0BC99831C73A998008BFB71 /* Frameworks */,
				F0BC99841C73A998008BFB71 /* Resources */,
			);
			buildRules = (
			);
			dependencies = (
				F0BC99881C73A998008BFB71 /* PBXTargetDependency */,
			);
			name = "OneUp-iOSTests";
			productName = "OneUp-iOSTests";
			productReference = F0BC99861C73A998008BFB71 /* OneUp-iOSTests.xctest */;
			productType = "com.apple.product-type.bundle.unit-test";
		};
		F0BC99901C73A998008BFB71 /* OneUp-iOSUITests */ = {
			isa = PBXNativeTarget;
			buildConfigurationList = F0BC99A01C73A998008BFB71 /* Build configuration list for PBXNativeTarget "OneUp-iOSUITests" */;
			buildPhases = (
				F0BC998D1C73A998008BFB71 /* Sources */,
				F0BC998E1C73A998008BFB71 /* Frameworks */,
				F0BC998F1C73A998008BFB71 /* Resources */,
			);
			buildRules = (
			);
			dependencies = (
				F0BC99931C73A998008BFB71 /* PBXTargetDependency */,
			);
			name = "OneUp-iOSUITests";
			productName = "OneUp-iOSUITests";
			productReference = F0BC99911C73A998008BFB71 /* OneUp-iOSUITests.xctest */;
			productType = "com.apple.product-type.bundle.ui-testing";
		};
/* End PBXNativeTarget section */

/* Begin PBXProject section */
		F0BC99671C73A998008BFB71 /* Project object */ = {
			isa = PBXProject;
			attributes = {
				LastSwiftUpdateCheck = 0720;
				LastUpgradeCheck = 0720;
				ORGANIZATIONNAME = Kiwi;
				TargetAttributes = {
					F0BC996E1C73A998008BFB71 = {
						CreatedOnToolsVersion = 7.2.1;
						DevelopmentTeam = DMWCPKYXAY;
					};
					F0BC99851C73A998008BFB71 = {
						CreatedOnToolsVersion = 7.2.1;
						TestTargetID = F0BC996E1C73A998008BFB71;
					};
					F0BC99901C73A998008BFB71 = {
						CreatedOnToolsVersion = 7.2.1;
						TestTargetID = F0BC996E1C73A998008BFB71;
					};
				};
			};
			buildConfigurationList = F0BC996A1C73A998008BFB71 /* Build configuration list for PBXProject "OneUp-iOS" */;
			compatibilityVersion = "Xcode 3.2";
			developmentRegion = English;
			hasScannedForEncodings = 0;
			knownRegions = (
				en,
				Base,
			);
			mainGroup = F0BC99661C73A998008BFB71;
			productRefGroup = F0BC99701C73A998008BFB71 /* Products */;
			projectDirPath = "";
			projectRoot = "";
			targets = (
				F0BC996E1C73A998008BFB71 /* OneUp-iOS */,
				F0BC99851C73A998008BFB71 /* OneUp-iOSTests */,
				F0BC99901C73A998008BFB71 /* OneUp-iOSUITests */,
			);
		};
/* End PBXProject section */

/* Begin PBXResourcesBuildPhase section */
		F0BC996D1C73A998008BFB71 /* Resources */ = {
			isa = PBXResourcesBuildPhase;
			buildActionMask = 2147483647;
			files = (
				F0BC99801C73A998008BFB71 /* LaunchScreen.storyboard in Resources */,
				F0EB973B1CB435DD001C5B73 /* AttemptCreation.storyboard in Resources */,
				BD6E4E891CA8C0F900EBBDDC /* AttemptTableViewCell.xib in Resources */,
				F0580D321C88DF6800259247 /* Home.storyboard in Resources */,
				BD962E371C894C2500345774 /* Filter.storyboard in Resources */,
				F055136F1C892355006E7B65 /* Map.storyboard in Resources */,
				BDB6ABFA1C7F532300C0B6C9 /* FeedTableViewCell.xib in Resources */,
				F0580D341C88E3EB00259247 /* Settings.storyboard in Resources */,
				BD0812681CB17CF700EC912D /* ChallengeCreation.storyboard in Resources */,
				F0580D361C88EC8600259247 /* Profile.storyboard in Resources */,
				F0BC997D1C73A998008BFB71 /* Assets.xcassets in Resources */,
				F0254E6A1C88F5F800AB3F5C /* Challenge.storyboard in Resources */,
				F0BC99781C73A998008BFB71 /* Main.storyboard in Resources */,
				BDA57E711CB41B8200E89162 /* Notifications.storyboard in Resources */,
			);
			runOnlyForDeploymentPostprocessing = 0;
		};
		F0BC99841C73A998008BFB71 /* Resources */ = {
			isa = PBXResourcesBuildPhase;
			buildActionMask = 2147483647;
			files = (
			);
			runOnlyForDeploymentPostprocessing = 0;
		};
		F0BC998F1C73A998008BFB71 /* Resources */ = {
			isa = PBXResourcesBuildPhase;
			buildActionMask = 2147483647;
			files = (
			);
			runOnlyForDeploymentPostprocessing = 0;
		};
/* End PBXResourcesBuildPhase section */

/* Begin PBXShellScriptBuildPhase section */
		1DC1FC5E350C16496E456F52 /* Check Pods Manifest.lock */ = {
			isa = PBXShellScriptBuildPhase;
			buildActionMask = 2147483647;
			files = (
			);
			inputPaths = (
			);
			name = "Check Pods Manifest.lock";
			outputPaths = (
			);
			runOnlyForDeploymentPostprocessing = 0;
			shellPath = /bin/sh;
			shellScript = "diff \"${PODS_ROOT}/../Podfile.lock\" \"${PODS_ROOT}/Manifest.lock\" > /dev/null\nif [[ $? != 0 ]] ; then\n    cat << EOM\nerror: The sandbox is not in sync with the Podfile.lock. Run 'pod install' or update your CocoaPods installation.\nEOM\n    exit 1\nfi\n";
			showEnvVarsInLog = 0;
		};
		ABBE2CD3D2122E79B610AF21 /* Copy Pods Resources */ = {
			isa = PBXShellScriptBuildPhase;
			buildActionMask = 2147483647;
			files = (
			);
			inputPaths = (
			);
			name = "Copy Pods Resources";
			outputPaths = (
			);
			runOnlyForDeploymentPostprocessing = 0;
			shellPath = /bin/sh;
			shellScript = "\"${SRCROOT}/Pods/Target Support Files/Pods-OneUp-iOS/Pods-OneUp-iOS-resources.sh\"\n";
			showEnvVarsInLog = 0;
		};
		F593DC5506D6170E84870A92 /* Embed Pods Frameworks */ = {
			isa = PBXShellScriptBuildPhase;
			buildActionMask = 2147483647;
			files = (
			);
			inputPaths = (
			);
			name = "Embed Pods Frameworks";
			outputPaths = (
			);
			runOnlyForDeploymentPostprocessing = 0;
			shellPath = /bin/sh;
			shellScript = "\"${SRCROOT}/Pods/Target Support Files/Pods-OneUp-iOS/Pods-OneUp-iOS-frameworks.sh\"\n";
			showEnvVarsInLog = 0;
		};
/* End PBXShellScriptBuildPhase section */

/* Begin PBXSourcesBuildPhase section */
		F0BC996B1C73A998008BFB71 /* Sources */ = {
			isa = PBXSourcesBuildPhase;
			buildActionMask = 2147483647;
			files = (
				BD68D4C31C88B73300F88429 /* ApiClient.swift in Sources */,
				BD6E4E881CA8C0F900EBBDDC /* AttemptTableViewCell.swift in Sources */,
				BD5B9A571CBD7E2B00D76CC2 /* GifFetcher.swift in Sources */,
				BDA8D3B61CC014E9005935CD /* User.swift in Sources */,
				BDB6ABF61C7F503E00C0B6C9 /* ChallengesViewController.swift in Sources */,
				BDB6ABF91C7F532300C0B6C9 /* FeedTableViewCell.swift in Sources */,
				BDA8D3BE1CC81B09005935CD /* StringExtension.swift in Sources */,
				F0BC99751C73A998008BFB71 /* MainViewController.swift in Sources */,
				F0B4188C1CBCE634007B6693 /* OneUpTabBarController.swift in Sources */,
				F03A2A601C893C6800267302 /* VCMapView.swift in Sources */,
				F03A2A5C1C892EF400267302 /* MapViewController.swift in Sources */,
				BDA57E691CB3492400E89162 /* FeedTableView.swift in Sources */,
				BD08126A1CB17EBD00EC912D /* ChallengeCreationViewController.swift in Sources */,
				F074C4921CBADFF5008D33C3 /* RegisterViewController.swift in Sources */,
				BD96C9761CBAD7D800F6E94F /* NSDateExtension.swift in Sources */,
				BDA57E6F1CB41A8800E89162 /* ProfileViewController.swift in Sources */,
				BD962E391C894DD100345774 /* FilterViewController.swift in Sources */,
				BDA57E671CB33F1B00E89162 /* NotificationsViewController.swift in Sources */,
				BD6E4E851CA8A9CF00EBBDDC /* ChallengeDetailViewController.swift in Sources */,
				BD21A4701CA8D43700A6226B /* ColorExtension.swift in Sources */,
				F03A2A5E1C89367A00267302 /* ChallengePin.swift in Sources */,
				F0BC997B1C73A998008BFB71 /* OneUp_iOS.xcdatamodeld in Sources */,
				BDA8D3BC1CC7C7DA005935CD /* Notification.swift in Sources */,
				BDD6C11D1C88BEE3004B2512 /* Challenge.swift in Sources */,
				F0EB973D1CB4370A001C5B73 /* AttemptCreationViewController.swift in Sources */,
				F0BC99731C73A998008BFB71 /* AppDelegate.swift in Sources */,
				BDA8D3BA1CC7C759005935CD /* NotificationCell.swift in Sources */,
				BD962E351C891D8000345774 /* Attempt.swift in Sources */,
			);
			runOnlyForDeploymentPostprocessing = 0;
		};
		F0BC99821C73A998008BFB71 /* Sources */ = {
			isa = PBXSourcesBuildPhase;
			buildActionMask = 2147483647;
			files = (
				F0BC998B1C73A998008BFB71 /* OneUp_iOSTests.swift in Sources */,
			);
			runOnlyForDeploymentPostprocessing = 0;
		};
		F0BC998D1C73A998008BFB71 /* Sources */ = {
			isa = PBXSourcesBuildPhase;
			buildActionMask = 2147483647;
			files = (
				F0BC99961C73A998008BFB71 /* OneUp_iOSUITests.swift in Sources */,
			);
			runOnlyForDeploymentPostprocessing = 0;
		};
/* End PBXSourcesBuildPhase section */

/* Begin PBXTargetDependency section */
		F0BC99881C73A998008BFB71 /* PBXTargetDependency */ = {
			isa = PBXTargetDependency;
			target = F0BC996E1C73A998008BFB71 /* OneUp-iOS */;
			targetProxy = F0BC99871C73A998008BFB71 /* PBXContainerItemProxy */;
		};
		F0BC99931C73A998008BFB71 /* PBXTargetDependency */ = {
			isa = PBXTargetDependency;
			target = F0BC996E1C73A998008BFB71 /* OneUp-iOS */;
			targetProxy = F0BC99921C73A998008BFB71 /* PBXContainerItemProxy */;
		};
/* End PBXTargetDependency section */

/* Begin PBXVariantGroup section */
		F0BC99761C73A998008BFB71 /* Main.storyboard */ = {
			isa = PBXVariantGroup;
			children = (
				F0BC99771C73A998008BFB71 /* Base */,
			);
			name = Main.storyboard;
			sourceTree = "<group>";
		};
		F0BC997E1C73A998008BFB71 /* LaunchScreen.storyboard */ = {
			isa = PBXVariantGroup;
			children = (
				F0BC997F1C73A998008BFB71 /* Base */,
			);
			name = LaunchScreen.storyboard;
			sourceTree = "<group>";
		};
/* End PBXVariantGroup section */

/* Begin XCBuildConfiguration section */
		F0BC99981C73A998008BFB71 /* Debug */ = {
			isa = XCBuildConfiguration;
			buildSettings = {
				ALWAYS_SEARCH_USER_PATHS = NO;
				CLANG_CXX_LANGUAGE_STANDARD = "gnu++0x";
				CLANG_CXX_LIBRARY = "libc++";
				CLANG_ENABLE_MODULES = YES;
				CLANG_ENABLE_OBJC_ARC = YES;
				CLANG_WARN_BOOL_CONVERSION = YES;
				CLANG_WARN_CONSTANT_CONVERSION = YES;
				CLANG_WARN_DIRECT_OBJC_ISA_USAGE = YES_ERROR;
				CLANG_WARN_EMPTY_BODY = YES;
				CLANG_WARN_ENUM_CONVERSION = YES;
				CLANG_WARN_INT_CONVERSION = YES;
				CLANG_WARN_OBJC_ROOT_CLASS = YES_ERROR;
				CLANG_WARN_UNREACHABLE_CODE = YES;
				CLANG_WARN__DUPLICATE_METHOD_MATCH = YES;
				"CODE_SIGN_IDENTITY[sdk=iphoneos*]" = "iPhone Developer";
				COPY_PHASE_STRIP = NO;
				DEBUG_INFORMATION_FORMAT = dwarf;
				ENABLE_STRICT_OBJC_MSGSEND = YES;
				ENABLE_TESTABILITY = YES;
				GCC_C_LANGUAGE_STANDARD = gnu99;
				GCC_DYNAMIC_NO_PIC = NO;
				GCC_NO_COMMON_BLOCKS = YES;
				GCC_OPTIMIZATION_LEVEL = 0;
				GCC_PREPROCESSOR_DEFINITIONS = (
					"DEBUG=1",
					"$(inherited)",
				);
				GCC_WARN_64_TO_32_BIT_CONVERSION = YES;
				GCC_WARN_ABOUT_RETURN_TYPE = YES_ERROR;
				GCC_WARN_UNDECLARED_SELECTOR = YES;
				GCC_WARN_UNINITIALIZED_AUTOS = YES_AGGRESSIVE;
				GCC_WARN_UNUSED_FUNCTION = YES;
				GCC_WARN_UNUSED_VARIABLE = YES;
				IPHONEOS_DEPLOYMENT_TARGET = 9.2;
				MTL_ENABLE_DEBUG_INFO = YES;
				ONLY_ACTIVE_ARCH = YES;
				SDKROOT = iphoneos;
				SWIFT_OPTIMIZATION_LEVEL = "-Onone";
			};
			name = Debug;
		};
		F0BC99991C73A998008BFB71 /* Release */ = {
			isa = XCBuildConfiguration;
			buildSettings = {
				ALWAYS_SEARCH_USER_PATHS = NO;
				CLANG_CXX_LANGUAGE_STANDARD = "gnu++0x";
				CLANG_CXX_LIBRARY = "libc++";
				CLANG_ENABLE_MODULES = YES;
				CLANG_ENABLE_OBJC_ARC = YES;
				CLANG_WARN_BOOL_CONVERSION = YES;
				CLANG_WARN_CONSTANT_CONVERSION = YES;
				CLANG_WARN_DIRECT_OBJC_ISA_USAGE = YES_ERROR;
				CLANG_WARN_EMPTY_BODY = YES;
				CLANG_WARN_ENUM_CONVERSION = YES;
				CLANG_WARN_INT_CONVERSION = YES;
				CLANG_WARN_OBJC_ROOT_CLASS = YES_ERROR;
				CLANG_WARN_UNREACHABLE_CODE = YES;
				CLANG_WARN__DUPLICATE_METHOD_MATCH = YES;
				"CODE_SIGN_IDENTITY[sdk=iphoneos*]" = "iPhone Developer";
				COPY_PHASE_STRIP = NO;
				DEBUG_INFORMATION_FORMAT = "dwarf-with-dsym";
				ENABLE_NS_ASSERTIONS = NO;
				ENABLE_STRICT_OBJC_MSGSEND = YES;
				GCC_C_LANGUAGE_STANDARD = gnu99;
				GCC_NO_COMMON_BLOCKS = YES;
				GCC_WARN_64_TO_32_BIT_CONVERSION = YES;
				GCC_WARN_ABOUT_RETURN_TYPE = YES_ERROR;
				GCC_WARN_UNDECLARED_SELECTOR = YES;
				GCC_WARN_UNINITIALIZED_AUTOS = YES_AGGRESSIVE;
				GCC_WARN_UNUSED_FUNCTION = YES;
				GCC_WARN_UNUSED_VARIABLE = YES;
				IPHONEOS_DEPLOYMENT_TARGET = 9.2;
				MTL_ENABLE_DEBUG_INFO = NO;
				SDKROOT = iphoneos;
				VALIDATE_PRODUCT = YES;
			};
			name = Release;
		};
		F0BC999B1C73A998008BFB71 /* Debug */ = {
			isa = XCBuildConfiguration;
			baseConfigurationReference = 644D6176E7B0CD8BAF296C09 /* Pods-OneUp-iOS.debug.xcconfig */;
			buildSettings = {
				ASSETCATALOG_COMPILER_APPICON_NAME = AppIcon;
				CODE_SIGN_IDENTITY = "iPhone Developer";
				"CODE_SIGN_IDENTITY[sdk=iphoneos*]" = "iPhone Developer";
				FRAMEWORK_SEARCH_PATHS = (
					"$(inherited)",
					"$(PROJECT_DIR)",
				);
				INFOPLIST_FILE = "OneUp-iOS/Info.plist";
				LD_RUNPATH_SEARCH_PATHS = "$(inherited) @executable_path/Frameworks";
				PRODUCT_BUNDLE_IDENTIFIER = "com.purduecs.kiwi.OneUp-iOS2";
				PRODUCT_NAME = "$(TARGET_NAME)";
				PROVISIONING_PROFILE = "";
			};
			name = Debug;
		};
		F0BC999C1C73A998008BFB71 /* Release */ = {
			isa = XCBuildConfiguration;
			baseConfigurationReference = 717B517CB521745830D0E19A /* Pods-OneUp-iOS.release.xcconfig */;
			buildSettings = {
				ASSETCATALOG_COMPILER_APPICON_NAME = AppIcon;
				CODE_SIGN_IDENTITY = "iPhone Developer";
				"CODE_SIGN_IDENTITY[sdk=iphoneos*]" = "iPhone Developer";
				FRAMEWORK_SEARCH_PATHS = (
					"$(inherited)",
					"$(PROJECT_DIR)",
				);
				INFOPLIST_FILE = "OneUp-iOS/Info.plist";
				LD_RUNPATH_SEARCH_PATHS = "$(inherited) @executable_path/Frameworks";
				PRODUCT_BUNDLE_IDENTIFIER = "com.purduecs.kiwi.OneUp-iOS2";
				PRODUCT_NAME = "$(TARGET_NAME)";
				PROVISIONING_PROFILE = "";
			};
			name = Release;
		};
		F0BC999E1C73A998008BFB71 /* Debug */ = {
			isa = XCBuildConfiguration;
			buildSettings = {
				BUNDLE_LOADER = "$(TEST_HOST)";
				INFOPLIST_FILE = "OneUp-iOSTests/Info.plist";
				LD_RUNPATH_SEARCH_PATHS = "$(inherited) @executable_path/Frameworks @loader_path/Frameworks";
				PRODUCT_BUNDLE_IDENTIFIER = "com.purduecs.kiwi.OneUp-iOSTests";
				PRODUCT_NAME = "$(TARGET_NAME)";
				TEST_HOST = "$(BUILT_PRODUCTS_DIR)/OneUp-iOS.app/OneUp-iOS";
			};
			name = Debug;
		};
		F0BC999F1C73A998008BFB71 /* Release */ = {
			isa = XCBuildConfiguration;
			buildSettings = {
				BUNDLE_LOADER = "$(TEST_HOST)";
				INFOPLIST_FILE = "OneUp-iOSTests/Info.plist";
				LD_RUNPATH_SEARCH_PATHS = "$(inherited) @executable_path/Frameworks @loader_path/Frameworks";
				PRODUCT_BUNDLE_IDENTIFIER = "com.purduecs.kiwi.OneUp-iOSTests";
				PRODUCT_NAME = "$(TARGET_NAME)";
				TEST_HOST = "$(BUILT_PRODUCTS_DIR)/OneUp-iOS.app/OneUp-iOS";
			};
			name = Release;
		};
		F0BC99A11C73A998008BFB71 /* Debug */ = {
			isa = XCBuildConfiguration;
			buildSettings = {
				INFOPLIST_FILE = "OneUp-iOSUITests/Info.plist";
				LD_RUNPATH_SEARCH_PATHS = "$(inherited) @executable_path/Frameworks @loader_path/Frameworks";
				PRODUCT_BUNDLE_IDENTIFIER = "com.purduecs.kiwi.OneUp-iOSUITests";
				PRODUCT_NAME = "$(TARGET_NAME)";
				TEST_TARGET_NAME = "OneUp-iOS";
				USES_XCTRUNNER = YES;
			};
			name = Debug;
		};
		F0BC99A21C73A998008BFB71 /* Release */ = {
			isa = XCBuildConfiguration;
			buildSettings = {
				INFOPLIST_FILE = "OneUp-iOSUITests/Info.plist";
				LD_RUNPATH_SEARCH_PATHS = "$(inherited) @executable_path/Frameworks @loader_path/Frameworks";
				PRODUCT_BUNDLE_IDENTIFIER = "com.purduecs.kiwi.OneUp-iOSUITests";
				PRODUCT_NAME = "$(TARGET_NAME)";
				TEST_TARGET_NAME = "OneUp-iOS";
				USES_XCTRUNNER = YES;
			};
			name = Release;
		};
/* End XCBuildConfiguration section */

/* Begin XCConfigurationList section */
		F0BC996A1C73A998008BFB71 /* Build configuration list for PBXProject "OneUp-iOS" */ = {
			isa = XCConfigurationList;
			buildConfigurations = (
				F0BC99981C73A998008BFB71 /* Debug */,
				F0BC99991C73A998008BFB71 /* Release */,
			);
			defaultConfigurationIsVisible = 0;
			defaultConfigurationName = Release;
		};
		F0BC999A1C73A998008BFB71 /* Build configuration list for PBXNativeTarget "OneUp-iOS" */ = {
			isa = XCConfigurationList;
			buildConfigurations = (
				F0BC999B1C73A998008BFB71 /* Debug */,
				F0BC999C1C73A998008BFB71 /* Release */,
			);
			defaultConfigurationIsVisible = 0;
			defaultConfigurationName = Release;
		};
		F0BC999D1C73A998008BFB71 /* Build configuration list for PBXNativeTarget "OneUp-iOSTests" */ = {
			isa = XCConfigurationList;
			buildConfigurations = (
				F0BC999E1C73A998008BFB71 /* Debug */,
				F0BC999F1C73A998008BFB71 /* Release */,
			);
			defaultConfigurationIsVisible = 0;
			defaultConfigurationName = Release;
		};
		F0BC99A01C73A998008BFB71 /* Build configuration list for PBXNativeTarget "OneUp-iOSUITests" */ = {
			isa = XCConfigurationList;
			buildConfigurations = (
				F0BC99A11C73A998008BFB71 /* Debug */,
				F0BC99A21C73A998008BFB71 /* Release */,
			);
			defaultConfigurationIsVisible = 0;
			defaultConfigurationName = Release;
		};
/* End XCConfigurationList section */

/* Begin XCVersionGroup section */
		F0BC99791C73A998008BFB71 /* OneUp_iOS.xcdatamodeld */ = {
			isa = XCVersionGroup;
			children = (
				F0BC997A1C73A998008BFB71 /* OneUp_iOS.xcdatamodel */,
			);
			currentVersion = F0BC997A1C73A998008BFB71 /* OneUp_iOS.xcdatamodel */;
			path = OneUp_iOS.xcdatamodeld;
			sourceTree = "<group>";
			versionGroupType = wrapper.xcdatamodel;
		};
/* End XCVersionGroup section */
	};
	rootObject = F0BC99671C73A998008BFB71 /* Project object */;
}
